
Microsoft Visual Studio Solution File, Format Version 12.00
# Visual Studio Version 17
VisualStudioVersion = 17.9.34607.119
MinimumVisualStudioVersion = 10.0.40219.1
Project("{FAE04EC0-301F-11D3-BF4B-00C04F79EFBC}") = "DataSturectures", "DataSturectures\DataSturectures.csproj", "{7857845B-5114-4FF7-88F5-B1E63D96BD7B}"
EndProject
Global
	GlobalSection(SolutionConfigurationPlatforms) = preSolution
		Debug|Any CPU = Debug|Any CPU
		Release|Any CPU = Release|Any CPU
	EndGlobalSection
	GlobalSection(ProjectConfigurationPlatforms) = postSolution
		{7857845B-5114-4FF7-88F5-B1E63D96BD7B}.Debug|Any CPU.ActiveCfg = Debug|Any CPU
		{7857845B-5114-4FF7-88F5-B1E63D96BD7B}.Debug|Any CPU.Build.0 = Debug|Any CPU
		{7857845B-5114-4FF7-88F5-B1E63D96BD7B}.Release|Any CPU.ActiveCfg = Release|Any CPU
		{7857845B-5114-4FF7-88F5-B1E63D96BD7B}.Release|Any CPU.Build.0 = Release|Any CPU
	EndGlobalSection
	GlobalSection(SolutionProperties) = preSolution
		HideSolutionNode = FALSE
	EndGlobalSection
	GlobalSection(ExtensibilityGlobals) = postSolution
		SolutionGuid = {D109010B-FBD2-48DB-BA3A-36B8E0AEE4DD}
	EndGlobalSection
EndGlobal
